hash: 5c2d72233fc025922735df734b32754a29f7d2a5ed494a2b1ea612516e0cbbc1
updated: 2016-04-11T11:12:28.478505806-04:00
imports:
- name: github.com/codegangsta/cli
  version: 71f57d300dd6a780ac1856c005c4b518cfd498ec
- name: github.com/Masterminds/semver
  version: 808ed7761c233af2de3f9729a041d68c62527f3a
devImports: []
