hash: 91dbd1bbbc43a2e92354007b9dce2bb0cfe1453a314bc881a95393a582e10ffc
updated: 2015-12-31T11:15:32.790058621-07:00
imports:
- name: github.com/codegangsta/cli
  version: c31a7975863e7810c92e2e288a9ab074f9a88f29
- name: github.com/Masterminds/semver
  version: 6333b7bd29aad1d79898ff568fd90a8aa533ae82
devImports: []
