# This file is autogenerated, do not edit; changes may be undone by the next 'dep ensure'.


[[projects]]
  name = "github.com/Masterminds/semver"
  packages = ["."]
  revision = "15d8430ab86497c5c0da827b748823945e1cf1e1"
  version = "v1.4.0"

[[projects]]
  name = "github.com/urfave/cli"
  packages = ["."]
  revision = "cfb38830724cc34fedffe9a2a29fb54fa9169cd1"
  version = "v1.20.0"

[solve-meta]
  analyzer-name = "dep"
  analyzer-version = 1
  inputs-digest = "c39ee2dc071b0651ae8526686c752e3701ef863549634dc761c2ff44e9b04fa9"
  solver-name = "gps-cdcl"
  solver-version = 1
